# THIS IS AN AUTOGENERATED FILE. DO NOT EDIT THIS FILE DIRECTLY.
# yarn lockfile v1


"@abp/aspnetcore.mvc.ui.theme.leptonxlite@~4.3.2":
  version "4.3.2"
  resolved "https://registry.yarnpkg.com/@abp/aspnetcore.mvc.ui.theme.leptonxlite/-/aspnetcore.mvc.ui.theme.leptonxlite-4.3.2.tgz#54486c1296f62fbb5ea0fa3ee4bf79589ebe80bf"
  integrity sha512-NAgSabAkawTA1tOi4WYFmFOTtzlzMRB9Ca8kMd1lawMlzA/Zjjv+vDmpmaMNfw7tjoO2oH26yNGcXcJER3Zpsw==
  dependencies:
    "@abp/aspnetcore.mvc.ui.theme.shared" "~9.3.2"

"@abp/aspnetcore.mvc.ui.theme.shared@~9.3.2":
  version "9.3.2"
  resolved "https://registry.yarnpkg.com/@abp/aspnetcore.mvc.ui.theme.shared/-/aspnetcore.mvc.ui.theme.shared-9.3.2.tgz#94089c3dcac4571c5fcb9bdb754e5df28a24e966"
  integrity sha512-eRSvhLimwf65KKI1P/DZgQK+l300EwX4r2S4XYL0gJjjXI9aeIDQuPEqGZs2a6P5/zfejFvefqCIcG5EfEH9ew==
  dependencies:
    "@abp/aspnetcore.mvc.ui" "~9.3.2"
    "@abp/bootstrap" "~9.3.2"
    "@abp/bootstrap-datepicker" "~9.3.2"
    "@abp/bootstrap-daterangepicker" "~9.3.2"
    "@abp/datatables.net-bs5" "~9.3.2"
    "@abp/font-awesome" "~9.3.2"
    "@abp/jquery-form" "~9.3.2"
    "@abp/jquery-validation-unobtrusive" "~9.3.2"
    "@abp/lodash" "~9.3.2"
    "@abp/luxon" "~9.3.2"
    "@abp/malihu-custom-scrollbar-plugin" "~9.3.2"
    "@abp/moment" "~9.3.2"
    "@abp/select2" "~9.3.2"
    "@abp/sweetalert2" "~9.3.2"
    "@abp/timeago" "~9.3.2"

"@abp/aspnetcore.mvc.ui@~9.3.2":
  version "9.3.2"
  resolved "https://registry.yarnpkg.com/@abp/aspnetcore.mvc.ui/-/aspnetcore.mvc.ui-9.3.2.tgz#5cab40d0f17eea2ae97a0d25fa238e52b5e8ef91"
  integrity sha512-C73MB6abc531CmYyRctZXtKUY/0t+hhBQg5fIbzdJaR8SCSHEh2v9j2ZAhKFU0kectdrpKrLroOihOWYMfuWdQ==
  dependencies:
    ansi-colors "^4.1.3"

"@abp/bootstrap-datepicker@~9.3.2":
  version "9.3.2"
  resolved "https://registry.yarnpkg.com/@abp/bootstrap-datepicker/-/bootstrap-datepicker-9.3.2.tgz#e156b0715b87a182e2cf3132436559e7c47f8987"
  integrity sha512-8tDHiFvppm5YlIaLL0IfRd9r/YtyV4+bIp8zuIDeVW6eUvFd1ueuifCzf89vZXRf18PLR8JAiYFdBOx9+8CjZw==
  dependencies:
    bootstrap-datepicker "^1.10.0"

"@abp/bootstrap-daterangepicker@~9.3.2":
  version "9.3.2"
  resolved "https://registry.yarnpkg.com/@abp/bootstrap-daterangepicker/-/bootstrap-daterangepicker-9.3.2.tgz#19c2f5088ef8cf1cdc4483376f28faa2ca172f18"
  integrity sha512-ygyUkiffq5Dry5yuyAzCKnlymbGZZ5f8es9d+dXLjp5lzk8K88LI4jTaIhm/Gc7wzKhFmHMpOIFYIRMzwvMmRQ==
  dependencies:
    bootstrap-daterangepicker "^3.1.0"

"@abp/bootstrap@~9.3.2":
  version "9.3.2"
  resolved "https://registry.yarnpkg.com/@abp/bootstrap/-/bootstrap-9.3.2.tgz#53dc0d68d15c60d36200d711b4f5a0acef15096b"
  integrity sha512-vrUux40RDPx7hBXp2u5evRpm2LHRwHmRhmtTXx6ltQ8Aq7BwD9BvqBZEgg5GB5L9MGy5oy5Wm57t9ooQ8qmLgg==
  dependencies:
    "@abp/core" "~9.3.2"
    bootstrap "^5.3.3"

"@abp/core@~9.3.2":
  version "9.3.2"
  resolved "https://registry.yarnpkg.com/@abp/core/-/core-9.3.2.tgz#10f0a485affb15d51c319bbdf88c1bfa24b5b778"
  integrity sha512-y3kkP9+PBG1xxiHDXPk+kYs1BzbAytVRg611vKhCejHntMSD3cD4vCg4NW5oNEtCktNRBYcnQICdgLElAX/koQ==
  dependencies:
    "@abp/utils" "~9.3.2"

"@abp/datatables.net-bs5@~9.3.2":
  version "9.3.2"
  resolved "https://registry.yarnpkg.com/@abp/datatables.net-bs5/-/datatables.net-bs5-9.3.2.tgz#89a3664c2ee0e98b16a41894f04f12edcf7b7780"
  integrity sha512-llju5jfVIppot59cQ4cBGJdl9VA156mDI5V+h5ZHGBmVvwG79R/mUd3D49XmqQGBke95K1Z49R7V/JxYqa6F+Q==
  dependencies:
    "@abp/datatables.net" "~9.3.2"
    datatables.net-bs5 "^2.1.8"

"@abp/datatables.net@~9.3.2":
  version "9.3.2"
  resolved "https://registry.yarnpkg.com/@abp/datatables.net/-/datatables.net-9.3.2.tgz#ee5cd8cb286211404d50593b33ea532f1b7cb9f1"
  integrity sha512-JK6XgZeP2diBOnC9jSml0kYc1uvbU09yz4GOyPmh/QZiGdS4vonRKfjIXdFd0YbxK0qAPZO+MzZuwqvZSA6nyA==
  dependencies:
    "@abp/jquery" "~9.3.2"
    datatables.net "^2.1.8"

"@abp/font-awesome@~9.3.2":
  version "9.3.2"
  resolved "https://registry.yarnpkg.com/@abp/font-awesome/-/font-awesome-9.3.2.tgz#b0659aeec243a4fe3c851a98a79673292c2687b1"
  integrity sha512-7esRWpT7PFMPSVhGPKb3DGq1h5n/R2xmusurbGDGhTHckiOfna8tQerZ6A9YdRsM2kIIDisWbuSzBkoM8hqfCQ==
  dependencies:
    "@abp/core" "~9.3.2"
    "@fortawesome/fontawesome-free" "^6.6.0"

"@abp/jquery-form@~9.3.2":
  version "9.3.2"
  resolved "https://registry.yarnpkg.com/@abp/jquery-form/-/jquery-form-9.3.2.tgz#17d0fe0a81d61e2e96131379e82872e5e45a2d5b"
  integrity sha512-IwXWBRbtLhdB6/pJwQsWJHqLDHpZfJoA6x48A/GbTQLgWhpt0/OainDZsEUH3o0TWMhgJU+tp274uPENlG3DzQ==
  dependencies:
    "@abp/jquery" "~9.3.2"
    jquery-form "^4.3.0"

"@abp/jquery-validation-unobtrusive@~9.3.2":
  version "9.3.2"
  resolved "https://registry.yarnpkg.com/@abp/jquery-validation-unobtrusive/-/jquery-validation-unobtrusive-9.3.2.tgz#f13183ed7108cdea1500f18b1f80aff3037132ce"
  integrity sha512-0v0Rhj3bir91cqwhlxDuD0PqwEYceyqLYf6K5eFF1/nE+1wN1VIST/oLN1Xis9x4NswbnnKai+OST0fqagpuhg==
  dependencies:
    "@abp/jquery-validation" "~9.3.2"
    jquery-validation-unobtrusive "^4.0.0"

"@abp/jquery-validation@~9.3.2":
  version "9.3.2"
  resolved "https://registry.yarnpkg.com/@abp/jquery-validation/-/jquery-validation-9.3.2.tgz#8ec072e2babb5d75aa1088a3754b837b7387df76"
  integrity sha512-JCquJcN0FAF+8TQOYgbqeDZqPIwy2mWVDtHKCts2lVj8ol+sQgWCOhZDx11sl1oqVZjkvdOmKMgWHDztdoUojA==
  dependencies:
    "@abp/jquery" "~9.3.2"
    jquery-validation "^1.21.0"

"@abp/jquery@~9.3.2":
  version "9.3.2"
  resolved "https://registry.yarnpkg.com/@abp/jquery/-/jquery-9.3.2.tgz#edb3d65bdbd3885af72759ce0cd9d813ab41aade"
  integrity sha512-i4scUZt6q09jhl8YTtQrPg+GV5Vd1QW57hHesYmgor8pLD87JU7cc5sCEJlmmtzVZsXjDkVuiyD2sOUXSItxMw==
  dependencies:
    "@abp/core" "~9.3.2"
    jquery "~3.7.1"

"@abp/lodash@~9.3.2":
  version "9.3.2"
  resolved "https://registry.yarnpkg.com/@abp/lodash/-/lodash-9.3.2.tgz#d3ca624dd8927d33cf8728403ef591977b9e11f4"
  integrity sha512-4XOhLKa/reKB85DyHtz1obC96j2VJs9+xqlO8Pn58hXP396cMEMuC1MfjHMwhPuMVHwgffg0UCfukKKf/UGJ/w==
  dependencies:
    "@abp/core" "~9.3.2"
    lodash "^4.17.21"

"@abp/luxon@~9.3.2":
  version "9.3.2"
  resolved "https://registry.yarnpkg.com/@abp/luxon/-/luxon-9.3.2.tgz#806464e828adf6b99a9620f3c39a16f8621ecd84"
  integrity sha512-oP74Q9/FJ8QpB7yVOycFlfsGhPKFUk6NTnoT+cVRNg0wpUkRRjg5WTkZeKLoVxKNk9RwA/9fa6MnBiiNs2z/Pg==
  dependencies:
    "@abp/core" "~9.3.2"
    luxon "^3.5.0"

"@abp/malihu-custom-scrollbar-plugin@~9.3.2":
  version "9.3.2"
  resolved "https://registry.yarnpkg.com/@abp/malihu-custom-scrollbar-plugin/-/malihu-custom-scrollbar-plugin-9.3.2.tgz#71069a6abd8a9456f0fc6227ee17b93300ad6030"
  integrity sha512-6pFO68hvtbGiGTaxkzTPnzJA2NZkzE+acWlTfBvSVyMvZM1jER5wYJmDpflZO+WPtTTu9CUflTwvYw2TiNKlUg==
  dependencies:
    "@abp/core" "~9.3.2"
    malihu-custom-scrollbar-plugin "^3.1.5"

"@abp/moment@~9.3.2":
  version "9.3.2"
  resolved "https://registry.yarnpkg.com/@abp/moment/-/moment-9.3.2.tgz#150548dd2b817d586f87113abb40c85f9b1ab406"
  integrity sha512-TdHeqPPEPk00/5vKbGHY6D74XlzfRM2Kb4WVvykVx2gjzScp5Sfunpus/A9UCOYls/bWp1MVMT7V0ExBXYPyNg==
  dependencies:
    moment "^2.30.1"

"@abp/select2@~9.3.2":
  version "9.3.2"
  resolved "https://registry.yarnpkg.com/@abp/select2/-/select2-9.3.2.tgz#5c069ff7a9fcb9e78bd4a8591d1e5eac6d66f03f"
  integrity sha512-/N5bJjyLQnN8zPovRrmrcYhiUxG/RTI6kNaH0QW/QEsryfuX24wdDWrRXacsJ1QKlMxig++IHRnpMBrHhxAKUw==
  dependencies:
    "@abp/core" "~9.3.2"
    select2 "^4.0.13"

"@abp/sweetalert2@~9.3.2":
  version "9.3.2"
  resolved "https://registry.yarnpkg.com/@abp/sweetalert2/-/sweetalert2-9.3.2.tgz#1ada87b720faef1289aa5fdcf42c0f5c74ff4493"
  integrity sha512-PUNbt7O6reTqDelUBGryullFDD5XeZkgQFn/FXbZVp6y0owHUyIlX+Jr7PIesWEB/RHuLa+uZoSywtVPH7fsEw==
  dependencies:
    "@abp/core" "~9.3.2"
    sweetalert2 "^11.14.1"

"@abp/timeago@~9.3.2":
  version "9.3.2"
  resolved "https://registry.yarnpkg.com/@abp/timeago/-/timeago-9.3.2.tgz#fe4d184aed92dd265e3c9531c53bdc684abb3b52"
  integrity sha512-GLimaRixGtZ5oiH3JLEmeUe54gePdSfVZtyJOvGcc0wQjQVOa5JgyTqktszb+pF4QVdeJr+ijz6RZlavwIY0EA==
  dependencies:
    "@abp/jquery" "~9.3.2"
    timeago "^1.6.7"

"@abp/utils@~9.3.2":
  version "9.3.2"
  resolved "https://registry.yarnpkg.com/@abp/utils/-/utils-9.3.2.tgz#f2158e9858c8efcbd3f17bf6e79c41116ac66795"
  integrity sha512-DtD07VHsDS5KPfn3jnL6f9WsfXEJVv7xUF+NcgW+HBTHnJTxunnE/OYGf/clTM4xeDb+RWl3AoGYP+kF4H/Snw==
  dependencies:
    just-compare "^2.3.0"

"@fortawesome/fontawesome-free@^6.6.0":
  version "6.7.2"
  resolved "https://registry.yarnpkg.com/@fortawesome/fontawesome-free/-/fontawesome-free-6.7.2.tgz#8249de9b7e22fcb3ceb5e66090c30a1d5492b81a"
  integrity sha512-JUOtgFW6k9u4Y+xeIaEiLr3+cjoUPiAuLXoyKOJSia6Duzb7pq+A76P9ZdPDoAoxHdHzq6gE9/jKBGXlZT8FbA==

ansi-colors@^4.1.3:
  version "4.1.3"
  resolved "https://registry.yarnpkg.com/ansi-colors/-/ansi-colors-4.1.3.tgz#37611340eb2243e70cc604cad35d63270d48781b"
  integrity sha512-/6w/C21Pm1A7aZitlI5Ni/2J6FFQN8i1Cvz3kHABAAbw93v/NlvKdVOqz7CCWz/3iv/JplRSEEZ83XION15ovw==

bootstrap-datepicker@^1.10.0:
  version "1.10.0"
  resolved "https://registry.yarnpkg.com/bootstrap-datepicker/-/bootstrap-datepicker-1.10.0.tgz#61612bbe8bf0a69a5bce32bbcdda93ebb6ccf24a"
  integrity sha512-lWxtSYddAQOpbAO8UhYhHLcK6425eWoSjb5JDvZU3ePHEPF6A3eUr51WKaFy4PccU19JRxUG6wEU3KdhtKfvpg==
  dependencies:
    jquery ">=3.4.0 <4.0.0"

bootstrap-daterangepicker@^3.1.0:
  version "3.1.0"
  resolved "https://registry.yarnpkg.com/bootstrap-daterangepicker/-/bootstrap-daterangepicker-3.1.0.tgz#632e6fb2de4b6360c5c0a9d5f6adb9aace051fe8"
  integrity sha512-oaQZx6ZBDo/dZNyXGVi2rx5GmFXThyQLAxdtIqjtLlYVaQUfQALl5JZMJJZzyDIX7blfy4ppZPAJ10g8Ma4d/g==
  dependencies:
    jquery ">=1.10"
    moment "^2.9.0"

bootstrap@^5.3.3:
  version "5.3.7"
  resolved "https://registry.yarnpkg.com/bootstrap/-/bootstrap-5.3.7.tgz#8640065036124d961d885d80b5945745e1154d90"
  integrity sha512-7KgiD8UHjfcPBHEpDNg+zGz8L3LqR3GVwqZiBRFX04a1BCArZOz1r2kjly2HQ0WokqTO0v1nF+QAt8dsW4lKlw==

datatables.net-bs5@^2.1.8:
  version "2.3.3"
  resolved "https://registry.yarnpkg.com/datatables.net-bs5/-/datatables.net-bs5-2.3.3.tgz#8bf3aec484a69e373f6007038eaac0cc0ef4ee15"
  integrity sha512-IPtC57k3KyZaLzIYTHies23Cm2zqaKfD6lkxy/aOAUUAtsg35l53VqNY9y84AEySYG3YLghMHVBvl2ckUhvm0A==
  dependencies:
    datatables.net "2.3.3"
    jquery ">=1.7"

datatables.net@2.3.3, datatables.net@^2.1.8:
  version "2.3.3"
  resolved "https://registry.yarnpkg.com/datatables.net/-/datatables.net-2.3.3.tgz#fe4f96bdbc4cf47c8d11162a7af525ca6a3683d2"
  integrity sha512-SWL3za6nheY6gdoiLgCc++tYmxbwrmv2bjrEiII9rXBWXXSbOZct6pjR3FueMVRM5jmt7pQcXiGovfuFDnutQg==
  dependencies:
    jquery ">=1.7"

jquery-form@^4.3.0:
  version "4.3.0"
  resolved "https://registry.yarnpkg.com/jquery-form/-/jquery-form-4.3.0.tgz#7d3961c314a1f2d15298f4af1d3943f54f4149c6"
  integrity sha512-q3uaVCEWdLOYUCI6dpNdwf/7cJFOsUgdpq6r0taxtGQ5NJSkOzofyWm4jpOuJ5YxdmL1FI5QR+q+HB63HHLGnQ==
  dependencies:
    jquery ">=1.7.2"

jquery-mousewheel@>=3.0.6:
  version "3.2.2"
  resolved "https://registry.yarnpkg.com/jquery-mousewheel/-/jquery-mousewheel-3.2.2.tgz#48c833f6260ee0c46d438a999e7d0060ec9eed0b"
  integrity sha512-JP71xTAg08ZY3hcs9ZbYUZ5i+dkSsz4yRl/zpWkAmtzc+kMs5EfPkpkINSidiLYMaR0MTo3DfFGF9WIezMsFQQ==
  dependencies:
    jquery ">=1.2.6"

jquery-validation-unobtrusive@^4.0.0:
  version "4.0.0"
  resolved "https://registry.yarnpkg.com/jquery-validation-unobtrusive/-/jquery-validation-unobtrusive-4.0.0.tgz#dfcf25a558496a2c883db6021d10f5398d15f99d"
  integrity sha512-1ervYFFv6LX/rp7ktuLnMakHNG0piNRDyROI8Ir3hL1vPIwylAehB1AY3BPrYJnzW3WmwWryZq+Bz4sazZK9iQ==
  dependencies:
    jquery "^3.6.0"
    jquery-validation ">=1.19"

jquery-validation@>=1.19, jquery-validation@^1.21.0:
  version "1.21.0"
  resolved "https://registry.yarnpkg.com/jquery-validation/-/jquery-validation-1.21.0.tgz#78fc05ab76020912a246af3661b3f54a438bca93"
  integrity sha512-xNot0rlUIgu7duMcQ5qb6MGkGL/Z1PQaRJQoZAURW9+a/2PGOUxY36o/WyNeP2T9R6jvWB8Z9lUVvvQWI/Zs5w==

jquery@>=1.10, jquery@>=1.2.6, "jquery@>=1.5.0 <4.0", jquery@>=1.7, jquery@>=1.7.2, "jquery@>=3.4.0 <4.0.0", jquery@^3.6.0, jquery@~3.7.1:
  version "3.7.1"
  resolved "https://registry.yarnpkg.com/jquery/-/jquery-3.7.1.tgz#083ef98927c9a6a74d05a6af02806566d16274de"
  integrity sha512-m4avr8yL8kmFN8psrbFFFmB/If14iN5o9nw/NgnnM+kybDJpRsAynV2BsfpTYrTRysYUdADVD7CkUUizgkpLfg==

just-compare@^2.3.0:
  version "2.3.0"
  resolved "https://registry.yarnpkg.com/just-compare/-/just-compare-2.3.0.tgz#a2adcc1d1940536263275f5a1ef1298bcacfeda7"
  integrity sha512-6shoR7HDT+fzfL3gBahx1jZG3hWLrhPAf+l7nCwahDdT9XDtosB9kIF0ZrzUp5QY8dJWfQVr5rnsPqsbvflDzg==

lodash@^4.17.21:
  version "4.17.21"
  resolved "https://registry.yarnpkg.com/lodash/-/lodash-4.17.21.tgz#679591c564c3bffaae8454cf0b3df370c3d6911c"
  integrity sha512-v2kDEe57lecTulaDIuNTPy3Ry4gLGJ6Z1O3vE1krgXZNrsQ+LFTGHVxVjcXPs17LhbZVGedAJv8XZ1tvj5FvSg==

luxon@^3.5.0:
  version "3.7.1"
  resolved "https://registry.yarnpkg.com/luxon/-/luxon-3.7.1.tgz#9bd09aa84a56afb00c57ea78a8ec5bd16eb24ec0"
  integrity sha512-RkRWjA926cTvz5rAb1BqyWkKbbjzCGchDUIKMCUvNi17j6f6j8uHGDV82Aqcqtzd+icoYpELmG3ksgGiFNNcNg==

malihu-custom-scrollbar-plugin@^3.1.5:
  version "3.1.5"
  resolved "https://registry.yarnpkg.com/malihu-custom-scrollbar-plugin/-/malihu-custom-scrollbar-plugin-3.1.5.tgz#310cecc5e59415a1c29e9dfb5d2b6e01d66a29ef"
  integrity sha512-lwW3LgI+CNDMPnP4ED2la6oYxWMkCXlnhex+s2wuOLhFDFGnGmQuTQVdRK9bvDLpxs10sGlfErVufJy9ztfgJQ==
  dependencies:
    jquery-mousewheel ">=3.0.6"

moment@^2.30.1, moment@^2.9.0:
  version "2.30.1"
  resolved "https://registry.yarnpkg.com/moment/-/moment-2.30.1.tgz#f8c91c07b7a786e30c59926df530b4eac96974ae"
  integrity sha512-uEmtNhbDOrWPFS+hdjFCBfy9f2YoyzRpwcl+DqpC6taX21FzsTLQVbMV/W7PzNSX6x/bhC1zA3c2UQ5NzH6how==

select2@^4.0.13:
  version "4.0.13"
  resolved "https://registry.yarnpkg.com/select2/-/select2-4.0.13.tgz#0dbe377df3f96167c4c1626033e924372d8ef44d"
  integrity sha512-1JeB87s6oN/TDxQQYCvS5EFoQyvV6eYMZZ0AeA4tdFDYWN3BAGZ8npr17UBFddU0lgAt3H0yjX3X6/ekOj1yjw==

sweetalert2@^11.14.1:
  version "11.22.5"
  resolved "https://registry.yarnpkg.com/sweetalert2/-/sweetalert2-11.22.5.tgz#c8ede6e9f0b79575037ca7fdc7c79f6ade47c177"
  integrity sha512-k9gb2M0n4b830FaWDmqaFQULIRvKixTbJOBkTN5KwRNIT8UxjGxusC9g67cj8sCxkJb9nVy2+PgyVd7vYK7cug==

timeago@^1.6.7:
  version "1.6.7"
  resolved "https://registry.yarnpkg.com/timeago/-/timeago-1.6.7.tgz#afd467c29a911e697fc22a81888c7c3022783cb5"
  integrity sha512-FikcjN98+ij0siKH4VO4dZ358PR3oDDq4Vdl1+sN9gWz1/+JXGr3uZbUShYH/hL7bMhcTpPbplJU5Tej4b4jbQ==
  dependencies:
    jquery ">=1.5.0 <4.0"
