# THIS IS AN AUTOGENERATED FILE. DO NOT EDIT THIS FILE DIRECTLY.
# yarn lockfile v1


"@abp/ng.theme.lepton-x@^4.3.2":
  version "4.3.2"
  resolved "https://registry.yarnpkg.com/@abp/ng.theme.lepton-x/-/ng.theme.lepton-x-4.3.2.tgz#77ecdc620e708761c5b048b19ee81ecfb487fec8"
  integrity sha512-TBcwWM0sUMrMFNQ/FvJptCEff7iizQjZogLbEp5YR/lwoSn1EBFvH3EExKMJpJD3P7UjqCeehg9qTxuAr8U0YA==
  dependencies:
    "@volo/abp.ng.lepton-x.core" "4.3.2"
    "@volo/ngx-lepton-x.lite" "4.3.2"
    tslib "^2.3.0"

"@ng-bootstrap/ng-bootstrap@~19.0.0":
  version "19.0.1"
  resolved "https://registry.yarnpkg.com/@ng-bootstrap/ng-bootstrap/-/ng-bootstrap-19.0.1.tgz#a9d962f590012e0a6f731b5c5069c70c6ae8cb7f"
  integrity sha512-1lErAkwh0F+gWkzpiddViY4GfA9LVXkwLpgBsV9Mb3IC0zo6WNkY8WxCC+LqajirBTu20DCkZSqeRzrwaVLpZw==
  dependencies:
    tslib "^2.3.0"

"@volo/abp.ng.lepton-x.core@4.3.2":
  version "4.3.2"
  resolved "https://registry.yarnpkg.com/@volo/abp.ng.lepton-x.core/-/abp.ng.lepton-x.core-4.3.2.tgz#540e5d463a26922b3ba98d17c7347d4521a4c5b2"
  integrity sha512-pa46EIUjqrMSRTPu5Zhs0P/l66arh80Z2mhzZS/J/5n36N7wp4y5BxuUB99mdG1MnaneC/YUYWXhO4NVbZfrHQ==
  dependencies:
    "@volo/ngx-lepton-x.core" "4.3.2"
    tslib "^2.3.0"

"@volo/ngx-lepton-x.core@4.3.2":
  version "4.3.2"
  resolved "https://registry.yarnpkg.com/@volo/ngx-lepton-x.core/-/ngx-lepton-x.core-4.3.2.tgz#34960a24737775c922c9287a7ce22598b72c60da"
  integrity sha512-TLkZT1QbhAcLucyvZCv+pGz921nVY2xIGzUmZPUf8H0jKr68qX9ryhLxc5dxV8HjhOlcFCGPqne0trJpHbaaPw==
  dependencies:
    ts-toolbelt "^9.0.0"
    tslib "^2.3.0"

"@volo/ngx-lepton-x.lite@4.3.2":
  version "4.3.2"
  resolved "https://registry.yarnpkg.com/@volo/ngx-lepton-x.lite/-/ngx-lepton-x.lite-4.3.2.tgz#830583669fafc96130256db0bc2593db39e8ca8f"
  integrity sha512-ZdxxiPDbdj+d4SizO3dhGP7CXrdHt9bjTIMelgPgBYI648d0AXAYxdXbIy9BAf5jGhB+mfXirfeEHo1VUPtAQw==
  dependencies:
    "@ng-bootstrap/ng-bootstrap" "~19.0.0"
    "@volo/ngx-lepton-x.core" "4.3.2"
    bootstrap-icons "~1.7.2"
    tslib "^2.3.0"

bootstrap-icons@~1.7.2:
  version "1.7.2"
  resolved "https://registry.yarnpkg.com/bootstrap-icons/-/bootstrap-icons-1.7.2.tgz#4024e081e2c850602552e1fed6451e682d09322a"
  integrity sha512-NiR2PqC73AQOPdVSu6GJfnk+hN2z6powcistXk1JgPnKuoV2FSdSl26w931Oz9HYbKCcKUSB6ncZTYJAYJl3QQ==

ts-toolbelt@^9.0.0:
  version "9.6.0"
  resolved "https://registry.yarnpkg.com/ts-toolbelt/-/ts-toolbelt-9.6.0.tgz#50a25426cfed500d4a09bd1b3afb6f28879edfd5"
  integrity sha512-nsZd8ZeNUzukXPlJmTBwUAuABDe/9qtVDelJeT/qW0ow3ZS3BsQJtNkan1802aM9Uf68/Y8ljw86Hu0h5IUW3w==

tslib@^2.3.0:
  version "2.8.1"
  resolved "https://registry.yarnpkg.com/tslib/-/tslib-2.8.1.tgz#612efe4ed235d567e8aba5f2a5fab70280ade83f"
  integrity sha512-oJFu94HQb+KVduSUQL7wnpmqnfmLsOA/nAh6b6EH0wCEoK0/mPeXU6c3wKDV83MkOuHPRHtSXKKU99IBazS/2w==
